
Microsoft Visual Studio Solution File, Format Version 12.00
# Visual Studio Version 17
VisualStudioVersion = 17.4.33213.308
MinimumVisualStudioVersion = 10.0.40219.1
Project("{9A19103F-16F7-4668-BE54-9A1E7A4F7556}") = "OnlineQueue", "OnlineQueue\OnlineQueue.csproj", "{C8DC1E84-A01A-4793-8696-C46DC9380297}"
EndProject
Project("{2150E333-8FDC-42A3-9474-1A3956D46DE8}") = "OnlineQueue.Presentation", "OnlineQueue.Presentation", "{BBF5DE11-4987-47C6-9961-3A1E8A4B32BB}"
EndProject
Project("{2150E333-8FDC-42A3-9474-1A3956D46DE8}") = "OnlineQueue.Domain", "OnlineQueue.Domain", "{B3412902-8A37-4811-8E9F-A915EEFFCCDD}"
EndProject
Project("{9A19103F-16F7-4668-BE54-9A1E7A4F7556}") = "Domain", "Domain\Domain.csproj", "{63DDA6C9-DA01-4046-A3CE-C190B2D2AAE8}"
EndProject
Project("{2150E333-8FDC-42A3-9474-1A3956D46DE8}") = "OnlineQueue.Infrastructure", "OnlineQueue.Infrastructure", "{A7ED32BF-5C6C-4010-973E-58042CD3A07B}"
EndProject
Project("{9A19103F-16F7-4668-BE54-9A1E7A4F7556}") = "Infrastructure", "Infrastructure\Infrastructure.csproj", "{18B0A104-B237-4EAC-B167-ADEB42A41F81}"
EndProject
Project("{2150E333-8FDC-42A3-9474-1A3956D46DE8}") = "OnlineQueue.Application", "OnlineQueue.Application", "{99926239-47A9-42B1-9B36-C33089394033}"
EndProject
Global
	GlobalSection(SolutionConfigurationPlatforms) = preSolution
		Debug|Any CPU = Debug|Any CPU
		Release|Any CPU = Release|Any CPU
	EndGlobalSection
	GlobalSection(ProjectConfigurationPlatforms) = postSolution
		{C8DC1E84-A01A-4793-8696-C46DC9380297}.Debug|Any CPU.ActiveCfg = Debug|Any CPU
		{C8DC1E84-A01A-4793-8696-C46DC9380297}.Debug|Any CPU.Build.0 = Debug|Any CPU
		{C8DC1E84-A01A-4793-8696-C46DC9380297}.Release|Any CPU.ActiveCfg = Release|Any CPU
		{C8DC1E84-A01A-4793-8696-C46DC9380297}.Release|Any CPU.Build.0 = Release|Any CPU
		{63DDA6C9-DA01-4046-A3CE-C190B2D2AAE8}.Debug|Any CPU.ActiveCfg = Debug|Any CPU
		{63DDA6C9-DA01-4046-A3CE-C190B2D2AAE8}.Debug|Any CPU.Build.0 = Debug|Any CPU
		{63DDA6C9-DA01-4046-A3CE-C190B2D2AAE8}.Release|Any CPU.ActiveCfg = Release|Any CPU
		{63DDA6C9-DA01-4046-A3CE-C190B2D2AAE8}.Release|Any CPU.Build.0 = Release|Any CPU
		{18B0A104-B237-4EAC-B167-ADEB42A41F81}.Debug|Any CPU.ActiveCfg = Debug|Any CPU
		{18B0A104-B237-4EAC-B167-ADEB42A41F81}.Debug|Any CPU.Build.0 = Debug|Any CPU
		{18B0A104-B237-4EAC-B167-ADEB42A41F81}.Release|Any CPU.ActiveCfg = Release|Any CPU
		{18B0A104-B237-4EAC-B167-ADEB42A41F81}.Release|Any CPU.Build.0 = Release|Any CPU
	EndGlobalSection
	GlobalSection(SolutionProperties) = preSolution
		HideSolutionNode = FALSE
	EndGlobalSection
	GlobalSection(NestedProjects) = preSolution
		{C8DC1E84-A01A-4793-8696-C46DC9380297} = {BBF5DE11-4987-47C6-9961-3A1E8A4B32BB}
		{63DDA6C9-DA01-4046-A3CE-C190B2D2AAE8} = {B3412902-8A37-4811-8E9F-A915EEFFCCDD}
		{18B0A104-B237-4EAC-B167-ADEB42A41F81} = {A7ED32BF-5C6C-4010-973E-58042CD3A07B}
	EndGlobalSection
	GlobalSection(ExtensibilityGlobals) = postSolution
		SolutionGuid = {DC26AB34-DE06-48DE-98DB-21AE87043D27}
	EndGlobalSection
EndGlobal
